
Microsoft Visual Studio Solution File, Format Version 12.00
# Visual Studio Version 17
VisualStudioVersion = 17.0.31903.59
MinimumVisualStudioVersion = 10.0.40219.1
Project("{2150E333-8FDC-42A3-9474-1A3956D46DE8}") = "src", "src", "{DE7A7E13-0D3E-4EE9-8461-086639DD23C9}"
EndProject
Project("{FAE04EC0-301F-11D3-BF4B-00C04F79EFBC}") = "InventorySystem.Domain", "src\InventorySystem.Domain\InventorySystem.Domain.csproj", "{5DFE986C-FB74-486F-8C9A-4F85AD170D0B}"
EndProject
Project("{FAE04EC0-301F-11D3-BF4B-00C04F79EFBC}") = "InventorySystem.Application", "src\InventorySystem.Application\InventorySystem.Application.csproj", "{E1E6AB2C-BAE4-4916-B21F-431A2FA1E833}"
EndProject
Project("{FAE04EC0-301F-11D3-BF4B-00C04F79EFBC}") = "InventorySystem.Infrastructure", "src\InventorySystem.Infrastructure\InventorySystem.Infrastructure.csproj", "{76F4B403-2E5C-44FE-805B-410CE52FD1B0}"
EndProject
Project("{FAE04EC0-301F-11D3-BF4B-00C04F79EFBC}") = "InventorySystem.API", "src\InventorySystem.API\InventorySystem.API.csproj", "{6601AF40-E6AD-4DDC-BCE0-CF4618E694C4}"
EndProject
Project("{2150E333-8FDC-42A3-9474-1A3956D46DE8}") = "tests", "tests", "{DB35EB2B-9C71-4A43-AD18-D37ED16E01DE}"
EndProject
Project("{FAE04EC0-301F-11D3-BF4B-00C04F79EFBC}") = "InventorySystem.Tests", "tests\InventorySystem.Tests\InventorySystem.Tests.csproj", "{BBA5B51C-022A-465E-A095-97C91C7470BB}"
EndProject
Global
	GlobalSection(SolutionConfigurationPlatforms) = preSolution
		Debug|Any CPU = Debug|Any CPU
		Release|Any CPU = Release|Any CPU
	EndGlobalSection
	GlobalSection(SolutionProperties) = preSolution
		HideSolutionNode = FALSE
	EndGlobalSection
	GlobalSection(ProjectConfigurationPlatforms) = postSolution
		{5DFE986C-FB74-486F-8C9A-4F85AD170D0B}.Debug|Any CPU.ActiveCfg = Debug|Any CPU
		{5DFE986C-FB74-486F-8C9A-4F85AD170D0B}.Debug|Any CPU.Build.0 = Debug|Any CPU
		{5DFE986C-FB74-486F-8C9A-4F85AD170D0B}.Release|Any CPU.ActiveCfg = Release|Any CPU
		{5DFE986C-FB74-486F-8C9A-4F85AD170D0B}.Release|Any CPU.Build.0 = Release|Any CPU
		{E1E6AB2C-BAE4-4916-B21F-431A2FA1E833}.Debug|Any CPU.ActiveCfg = Debug|Any CPU
		{E1E6AB2C-BAE4-4916-B21F-431A2FA1E833}.Debug|Any CPU.Build.0 = Debug|Any CPU
		{E1E6AB2C-BAE4-4916-B21F-431A2FA1E833}.Release|Any CPU.ActiveCfg = Release|Any CPU
		{E1E6AB2C-BAE4-4916-B21F-431A2FA1E833}.Release|Any CPU.Build.0 = Release|Any CPU
		{76F4B403-2E5C-44FE-805B-410CE52FD1B0}.Debug|Any CPU.ActiveCfg = Debug|Any CPU
		{76F4B403-2E5C-44FE-805B-410CE52FD1B0}.Debug|Any CPU.Build.0 = Debug|Any CPU
		{76F4B403-2E5C-44FE-805B-410CE52FD1B0}.Release|Any CPU.ActiveCfg = Release|Any CPU
		{76F4B403-2E5C-44FE-805B-410CE52FD1B0}.Release|Any CPU.Build.0 = Release|Any CPU
		{6601AF40-E6AD-4DDC-BCE0-CF4618E694C4}.Debug|Any CPU.ActiveCfg = Debug|Any CPU
		{6601AF40-E6AD-4DDC-BCE0-CF4618E694C4}.Debug|Any CPU.Build.0 = Debug|Any CPU
		{6601AF40-E6AD-4DDC-BCE0-CF4618E694C4}.Release|Any CPU.ActiveCfg = Release|Any CPU
		{6601AF40-E6AD-4DDC-BCE0-CF4618E694C4}.Release|Any CPU.Build.0 = Release|Any CPU
		{BBA5B51C-022A-465E-A095-97C91C7470BB}.Debug|Any CPU.ActiveCfg = Debug|Any CPU
		{BBA5B51C-022A-465E-A095-97C91C7470BB}.Debug|Any CPU.Build.0 = Debug|Any CPU
		{BBA5B51C-022A-465E-A095-97C91C7470BB}.Release|Any CPU.ActiveCfg = Release|Any CPU
		{BBA5B51C-022A-465E-A095-97C91C7470BB}.Release|Any CPU.Build.0 = Release|Any CPU
	EndGlobalSection
	GlobalSection(NestedProjects) = preSolution
		{5DFE986C-FB74-486F-8C9A-4F85AD170D0B} = {DE7A7E13-0D3E-4EE9-8461-086639DD23C9}
		{E1E6AB2C-BAE4-4916-B21F-431A2FA1E833} = {DE7A7E13-0D3E-4EE9-8461-086639DD23C9}
		{76F4B403-2E5C-44FE-805B-410CE52FD1B0} = {DE7A7E13-0D3E-4EE9-8461-086639DD23C9}
		{6601AF40-E6AD-4DDC-BCE0-CF4618E694C4} = {DE7A7E13-0D3E-4EE9-8461-086639DD23C9}
		{BBA5B51C-022A-465E-A095-97C91C7470BB} = {DB35EB2B-9C71-4A43-AD18-D37ED16E01DE}
	EndGlobalSection
EndGlobal
