
Microsoft Visual Studio Solution File, Format Version 12.00
# Visual Studio Version 17
VisualStudioVersion = 17.0.31903.59
MinimumVisualStudioVersion = 10.0.40219.1
Project("{2150E333-8FDC-42A3-9474-1A3956D46DE8}") = "src", "src", "{9E0FF763-03A9-4361-B278-885956945F87}"
EndProject
Project("{FAE04EC0-301F-11D3-BF4B-00C04F79EFBC}") = "SistemaInventario.Core", "src\SistemaInventario.Core\SistemaInventario.Core.csproj", "{F894EF93-EAA9-4A30-8FF3-ABB7202910C5}"
EndProject
Project("{FAE04EC0-301F-11D3-BF4B-00C04F79EFBC}") = "SistemaInventario.Infrastructure", "src\SistemaInventario.Infrastructure\SistemaInventario.Infrastructure.csproj", "{EDD99EB8-C23E-469C-ABFC-21960A5579A5}"
EndProject
Project("{FAE04EC0-301F-11D3-BF4B-00C04F79EFBC}") = "SistemaInventario.Reporting", "src\SistemaInventario.Reporting\SistemaInventario.Reporting.csproj", "{202B90C3-B262-436C-9EDB-C5934FC9F61D}"
EndProject
Project("{FAE04EC0-301F-11D3-BF4B-00C04F79EFBC}") = "SistemaInventario.Api", "src\SistemaInventario.Api\SistemaInventario.Api.csproj", "{AD22F0CE-8D60-4D50-A30B-4E53E0EA2E8C}"
EndProject
Project("{2150E333-8FDC-42A3-9474-1A3956D46DE8}") = "tests", "tests", "{DFB21C49-76AA-4001-9741-9E69A65D137E}"
EndProject
Project("{FAE04EC0-301F-11D3-BF4B-00C04F79EFBC}") = "SistemaInventario.Tests", "tests\SistemaInventario.Tests\SistemaInventario.Tests.csproj", "{2C7CEDFE-D227-4E56-A74B-6C6B65411593}"
EndProject
Global
	GlobalSection(SolutionConfigurationPlatforms) = preSolution
		Debug|Any CPU = Debug|Any CPU
		Release|Any CPU = Release|Any CPU
	EndGlobalSection
	GlobalSection(SolutionProperties) = preSolution
		HideSolutionNode = FALSE
	EndGlobalSection
	GlobalSection(ProjectConfigurationPlatforms) = postSolution
		{F894EF93-EAA9-4A30-8FF3-ABB7202910C5}.Debug|Any CPU.ActiveCfg = Debug|Any CPU
		{F894EF93-EAA9-4A30-8FF3-ABB7202910C5}.Debug|Any CPU.Build.0 = Debug|Any CPU
		{F894EF93-EAA9-4A30-8FF3-ABB7202910C5}.Release|Any CPU.ActiveCfg = Release|Any CPU
		{F894EF93-EAA9-4A30-8FF3-ABB7202910C5}.Release|Any CPU.Build.0 = Release|Any CPU
		{EDD99EB8-C23E-469C-ABFC-21960A5579A5}.Debug|Any CPU.ActiveCfg = Debug|Any CPU
		{EDD99EB8-C23E-469C-ABFC-21960A5579A5}.Debug|Any CPU.Build.0 = Debug|Any CPU
		{EDD99EB8-C23E-469C-ABFC-21960A5579A5}.Release|Any CPU.ActiveCfg = Release|Any CPU
		{EDD99EB8-C23E-469C-ABFC-21960A5579A5}.Release|Any CPU.Build.0 = Release|Any CPU
		{202B90C3-B262-436C-9EDB-C5934FC9F61D}.Debug|Any CPU.ActiveCfg = Debug|Any CPU
		{202B90C3-B262-436C-9EDB-C5934FC9F61D}.Debug|Any CPU.Build.0 = Debug|Any CPU
		{202B90C3-B262-436C-9EDB-C5934FC9F61D}.Release|Any CPU.ActiveCfg = Release|Any CPU
		{202B90C3-B262-436C-9EDB-C5934FC9F61D}.Release|Any CPU.Build.0 = Release|Any CPU
		{AD22F0CE-8D60-4D50-A30B-4E53E0EA2E8C}.Debug|Any CPU.ActiveCfg = Debug|Any CPU
		{AD22F0CE-8D60-4D50-A30B-4E53E0EA2E8C}.Debug|Any CPU.Build.0 = Debug|Any CPU
		{AD22F0CE-8D60-4D50-A30B-4E53E0EA2E8C}.Release|Any CPU.ActiveCfg = Release|Any CPU
		{AD22F0CE-8D60-4D50-A30B-4E53E0EA2E8C}.Release|Any CPU.Build.0 = Release|Any CPU
		{2C7CEDFE-D227-4E56-A74B-6C6B65411593}.Debug|Any CPU.ActiveCfg = Debug|Any CPU
		{2C7CEDFE-D227-4E56-A74B-6C6B65411593}.Debug|Any CPU.Build.0 = Debug|Any CPU
		{2C7CEDFE-D227-4E56-A74B-6C6B65411593}.Release|Any CPU.ActiveCfg = Release|Any CPU
		{2C7CEDFE-D227-4E56-A74B-6C6B65411593}.Release|Any CPU.Build.0 = Release|Any CPU
	EndGlobalSection
	GlobalSection(NestedProjects) = preSolution
		{F894EF93-EAA9-4A30-8FF3-ABB7202910C5} = {9E0FF763-03A9-4361-B278-885956945F87}
		{EDD99EB8-C23E-469C-ABFC-21960A5579A5} = {9E0FF763-03A9-4361-B278-885956945F87}
		{202B90C3-B262-436C-9EDB-C5934FC9F61D} = {9E0FF763-03A9-4361-B278-885956945F87}
		{AD22F0CE-8D60-4D50-A30B-4E53E0EA2E8C} = {9E0FF763-03A9-4361-B278-885956945F87}
		{2C7CEDFE-D227-4E56-A74B-6C6B65411593} = {DFB21C49-76AA-4001-9741-9E69A65D137E}
	EndGlobalSection
EndGlobal
